
Microsoft Visual Studio Solution File, Format Version 12.00
# Visual Studio Version 17
VisualStudioVersion = 17.2.32616.157
MinimumVisualStudioVersion = 10.0.40219.1
Project("{FAE04EC0-301F-11D3-BF4B-00C04F79EFBC}") = "sanayi", "sanayi\sanayi.csproj", "{C8D59D62-1F49-43C6-9B5F-2890870EB8BB}"
EndProject
Project("{FAE04EC0-301F-11D3-BF4B-00C04F79EFBC}") = "BusinessLayer", "sanayi\BusinessLayer\BusinessLayer.csproj", "{4D9640C3-2C49-4592-911E-DA2EC1CEB5FB}"
EndProject
Project("{FAE04EC0-301F-11D3-BF4B-00C04F79EFBC}") = "DataAccesLayer", "sanayi\DataAccesLayer\DataAccesLayer.csproj", "{5CBCA9EF-B22D-44B3-9199-9A300A8C9530}"
EndProject
Project("{FAE04EC0-301F-11D3-BF4B-00C04F79EFBC}") = "EntityLayer", "sanayi\EntityLayer\EntityLayer.csproj", "{9B672FC4-295B-4B8C-9724-519F6D63E82A}"
EndProject
Global
	GlobalSection(SolutionConfigurationPlatforms) = preSolution
		Debug|Any CPU = Debug|Any CPU
		Release|Any CPU = Release|Any CPU
	EndGlobalSection
	GlobalSection(ProjectConfigurationPlatforms) = postSolution
		{C8D59D62-1F49-43C6-9B5F-2890870EB8BB}.Debug|Any CPU.ActiveCfg = Debug|Any CPU
		{C8D59D62-1F49-43C6-9B5F-2890870EB8BB}.Debug|Any CPU.Build.0 = Debug|Any CPU
		{C8D59D62-1F49-43C6-9B5F-2890870EB8BB}.Release|Any CPU.ActiveCfg = Release|Any CPU
		{C8D59D62-1F49-43C6-9B5F-2890870EB8BB}.Release|Any CPU.Build.0 = Release|Any CPU
		{4D9640C3-2C49-4592-911E-DA2EC1CEB5FB}.Debug|Any CPU.ActiveCfg = Debug|Any CPU
		{4D9640C3-2C49-4592-911E-DA2EC1CEB5FB}.Debug|Any CPU.Build.0 = Debug|Any CPU
		{4D9640C3-2C49-4592-911E-DA2EC1CEB5FB}.Release|Any CPU.ActiveCfg = Release|Any CPU
		{4D9640C3-2C49-4592-911E-DA2EC1CEB5FB}.Release|Any CPU.Build.0 = Release|Any CPU
		{5CBCA9EF-B22D-44B3-9199-9A300A8C9530}.Debug|Any CPU.ActiveCfg = Debug|Any CPU
		{5CBCA9EF-B22D-44B3-9199-9A300A8C9530}.Debug|Any CPU.Build.0 = Debug|Any CPU
		{5CBCA9EF-B22D-44B3-9199-9A300A8C9530}.Release|Any CPU.ActiveCfg = Release|Any CPU
		{5CBCA9EF-B22D-44B3-9199-9A300A8C9530}.Release|Any CPU.Build.0 = Release|Any CPU
		{9B672FC4-295B-4B8C-9724-519F6D63E82A}.Debug|Any CPU.ActiveCfg = Debug|Any CPU
		{9B672FC4-295B-4B8C-9724-519F6D63E82A}.Debug|Any CPU.Build.0 = Debug|Any CPU
		{9B672FC4-295B-4B8C-9724-519F6D63E82A}.Release|Any CPU.ActiveCfg = Release|Any CPU
		{9B672FC4-295B-4B8C-9724-519F6D63E82A}.Release|Any CPU.Build.0 = Release|Any CPU
	EndGlobalSection
	GlobalSection(SolutionProperties) = preSolution
		HideSolutionNode = FALSE
	EndGlobalSection
	GlobalSection(ExtensibilityGlobals) = postSolution
		SolutionGuid = {28E9E774-6EC2-47B1-B524-BD9E4A8830E5}
	EndGlobalSection
EndGlobal
